// !$*UTF8*$!
{
	archiveVersion = 1;
	classes = {
	};
	objectVersion = 55;
	objects = {

/* Begin PBXBuildFile section */
		AC3D12A12743C55600B8134D /* TaskTrackerApp.swift in Sources */ = {isa = PBXBuildFile; fileRef = AC3D128E2743C55500B8134D /* TaskTrackerApp.swift */; };
		AC3D12A22743C55600B8134D /* TaskTrackerApp.swift in Sources */ = {isa = PBXBuildFile; fileRef = AC3D128E2743C55500B8134D /* TaskTrackerApp.swift */; };
		AC3D12A32743C55600B8134D /* ContentView.swift in Sources */ = {isa = PBXBuildFile; fileRef = AC3D128F2743C55500B8134D /* ContentView.swift */; };
		AC3D12A42743C55600B8134D /* ContentView.swift in Sources */ = {isa = PBXBuildFile; fileRef = AC3D128F2743C55500B8134D /* ContentView.swift */; };
		AC3D12A52743C55600B8134D /* Persistence.swift in Sources */ = {isa = PBXBuildFile; fileRef = AC3D12902743C55500B8134D /* Persistence.swift */; };
		AC3D12A62743C55600B8134D /* Persistence.swift in Sources */ = {isa = PBXBuildFile; fileRef = AC3D12902743C55500B8134D /* Persistence.swift */; };
		AC3D12A72743C55600B8134D /* Assets.xcassets in Resources */ = {isa = PBXBuildFile; fileRef = AC3D12912743C55600B8134D /* Assets.xcassets */; };
		AC3D12A82743C55600B8134D /* Assets.xcassets in Resources */ = {isa = PBXBuildFile; fileRef = AC3D12912743C55600B8134D /* Assets.xcassets */; };
		ACA27666274446DC002C54B8 /* TaskDetailView.swift in Sources */ = {isa = PBXBuildFile; fileRef = ACA27665274446DC002C54B8 /* TaskDetailView.swift */; };
		ACA27667274446DC002C54B8 /* TaskDetailView.swift in Sources */ = {isa = PBXBuildFile; fileRef = ACA27665274446DC002C54B8 /* TaskDetailView.swift */; };
		ACA2766A27444C90002C54B8 /* DateTimeUtil.swift in Sources */ = {isa = PBXBuildFile; fileRef = ACA2766927444C90002C54B8 /* DateTimeUtil.swift */; };
		ACA2766B27444C90002C54B8 /* DateTimeUtil.swift in Sources */ = {isa = PBXBuildFile; fileRef = ACA2766927444C90002C54B8 /* DateTimeUtil.swift */; };
		ACF3D2212743CD1D0003C4C5 /* Data.swift in Sources */ = {isa = PBXBuildFile; fileRef = ACF3D2202743CD1D0003C4C5 /* Data.swift */; };
		ACF3D2222743CD1D0003C4C5 /* Data.swift in Sources */ = {isa = PBXBuildFile; fileRef = ACF3D2202743CD1D0003C4C5 /* Data.swift */; };
		ACF3D2242743CDB20003C4C5 /* HomeView.swift in Sources */ = {isa = PBXBuildFile; fileRef = ACF3D2232743CDB20003C4C5 /* HomeView.swift */; };
		ACF3D2252743CDB20003C4C5 /* HomeView.swift in Sources */ = {isa = PBXBuildFile; fileRef = ACF3D2232743CDB20003C4C5 /* HomeView.swift */; };
		ACF3D2272743CDD20003C4C5 /* TaskView.swift in Sources */ = {isa = PBXBuildFile; fileRef = ACF3D2262743CDD20003C4C5 /* TaskView.swift */; };
		ACF3D2282743CDD20003C4C5 /* TaskView.swift in Sources */ = {isa = PBXBuildFile; fileRef = ACF3D2262743CDD20003C4C5 /* TaskView.swift */; };
		ACF3D22A2743CDEC0003C4C5 /* AccountingView.swift in Sources */ = {isa = PBXBuildFile; fileRef = ACF3D2292743CDEC0003C4C5 /* AccountingView.swift */; };
		ACF3D22B2743CDEC0003C4C5 /* AccountingView.swift in Sources */ = {isa = PBXBuildFile; fileRef = ACF3D2292743CDEC0003C4C5 /* AccountingView.swift */; };
		ACF3D22F2743D3D00003C4C5 /* TaskTracker.xcdatamodeld in Sources */ = {isa = PBXBuildFile; fileRef = ACF3D22C2743D3CF0003C4C5 /* TaskTracker.xcdatamodeld */; };
		ACF3D2302743D3D00003C4C5 /* TaskTracker.xcdatamodeld in Sources */ = {isa = PBXBuildFile; fileRef = ACF3D22C2743D3CF0003C4C5 /* TaskTracker.xcdatamodeld */; };
		ACF3D2322743D8FA0003C4C5 /* Extensions.swift in Sources */ = {isa = PBXBuildFile; fileRef = ACF3D2312743D8FA0003C4C5 /* Extensions.swift */; };
		ACF3D2332743D8FA0003C4C5 /* Extensions.swift in Sources */ = {isa = PBXBuildFile; fileRef = ACF3D2312743D8FA0003C4C5 /* Extensions.swift */; };
		ACF3D2372743F0170003C4C5 /* TrackTaskView.swift in Sources */ = {isa = PBXBuildFile; fileRef = ACF3D2362743F0170003C4C5 /* TrackTaskView.swift */; };
		ACF3D2382743F0170003C4C5 /* TrackTaskView.swift in Sources */ = {isa = PBXBuildFile; fileRef = ACF3D2362743F0170003C4C5 /* TrackTaskView.swift */; };
/* End PBXBuildFile section */

/* Begin PBXFileReference section */
		AC3D128E2743C55500B8134D /* TaskTrackerApp.swift */ = {isa = PBXFileReference; lastKnownFileType = sourcecode.swift; path = TaskTrackerApp.swift; sourceTree = "<group>"; };
		AC3D128F2743C55500B8134D /* ContentView.swift */ = {isa = PBXFileReference; lastKnownFileType = sourcecode.swift; path = ContentView.swift; sourceTree = "<group>"; };
		AC3D12902743C55500B8134D /* Persistence.swift */ = {isa = PBXFileReference; lastKnownFileType = sourcecode.swift; path = Persistence.swift; sourceTree = "<group>"; };
		AC3D12912743C55600B8134D /* Assets.xcassets */ = {isa = PBXFileReference; lastKnownFileType = folder.assetcatalog; path = Assets.xcassets; sourceTree = "<group>"; };
		AC3D12962743C55600B8134D /* TaskTracker.app */ = {isa = PBXFileReference; explicitFileType = wrapper.application; includeInIndex = 0; path = TaskTracker.app; sourceTree = BUILT_PRODUCTS_DIR; };
		AC3D129C2743C55600B8134D /* TaskTracker.app */ = {isa = PBXFileReference; explicitFileType = wrapper.application; includeInIndex = 0; path = TaskTracker.app; sourceTree = BUILT_PRODUCTS_DIR; };
		AC3D129E2743C55600B8134D /* macOS.entitlements */ = {isa = PBXFileReference; lastKnownFileType = text.plist.entitlements; path = macOS.entitlements; sourceTree = "<group>"; };
		ACA27665274446DC002C54B8 /* TaskDetailView.swift */ = {isa = PBXFileReference; lastKnownFileType = sourcecode.swift; path = TaskDetailView.swift; sourceTree = "<group>"; };
		ACA2766927444C90002C54B8 /* DateTimeUtil.swift */ = {isa = PBXFileReference; lastKnownFileType = sourcecode.swift; path = DateTimeUtil.swift; sourceTree = "<group>"; };
		ACF3D2202743CD1D0003C4C5 /* Data.swift */ = {isa = PBXFileReference; lastKnownFileType = sourcecode.swift; path = Data.swift; sourceTree = "<group>"; };
		ACF3D2232743CDB20003C4C5 /* HomeView.swift */ = {isa = PBXFileReference; lastKnownFileType = sourcecode.swift; path = HomeView.swift; sourceTree = "<group>"; };
		ACF3D2262743CDD20003C4C5 /* TaskView.swift */ = {isa = PBXFileReference; lastKnownFileType = sourcecode.swift; path = TaskView.swift; sourceTree = "<group>"; };
		ACF3D2292743CDEC0003C4C5 /* AccountingView.swift */ = {isa = PBXFileReference; lastKnownFileType = sourcecode.swift; path = AccountingView.swift; sourceTree = "<group>"; };
		ACF3D22D2743D3CF0003C4C5 /* TaskTracker.xcdatamodel */ = {isa = PBXFileReference; lastKnownFileType = wrapper.xcdatamodel; path = TaskTracker.xcdatamodel; sourceTree = "<group>"; };
		ACF3D22E2743D3CF0003C4C5 /* Shared.xcdatamodel */ = {isa = PBXFileReference; lastKnownFileType = wrapper.xcdatamodel; path = Shared.xcdatamodel; sourceTree = "<group>"; };
		ACF3D2312743D8FA0003C4C5 /* Extensions.swift */ = {isa = PBXFileReference; lastKnownFileType = sourcecode.swift; path = Extensions.swift; sourceTree = "<group>"; };
		ACF3D2362743F0170003C4C5 /* TrackTaskView.swift */ = {isa = PBXFileReference; lastKnownFileType = sourcecode.swift; path = TrackTaskView.swift; sourceTree = "<group>"; };
/* End PBXFileReference section */

/* Begin PBXFrameworksBuildPhase section */
		AC3D12932743C55600B8134D /* Frameworks */ = {
			isa = PBXFrameworksBuildPhase;
			buildActionMask = 2147483647;
			files = (
			);
			runOnlyForDeploymentPostprocessing = 0;
		};
		AC3D12992743C55600B8134D /* Frameworks */ = {
			isa = PBXFrameworksBuildPhase;
			buildActionMask = 2147483647;
			files = (
			);
			runOnlyForDeploymentPostprocessing = 0;
		};
/* End PBXFrameworksBuildPhase section */

/* Begin PBXGroup section */
		AC3D12862743C55400B8134D = {
			isa = PBXGroup;
			children = (
				AC3D128B2743C55500B8134D /* Shared */,
				AC3D129D2743C55600B8134D /* macOS */,
				AC3D12972743C55600B8134D /* Products */,
			);
			sourceTree = "<group>";
		};
		AC3D128B2743C55500B8134D /* Shared */ = {
			isa = PBXGroup;
			children = (
				ACF3D2342743EFEA0003C4C5 /* Mainpages */,
				ACF3D2352743EFFD0003C4C5 /* Subviews */,
				AC3D128E2743C55500B8134D /* TaskTrackerApp.swift */,
				AC3D128F2743C55500B8134D /* ContentView.swift */,
				ACA2766827444C75002C54B8 /* Util */,
				ACF3D22C2743D3CF0003C4C5 /* TaskTracker.xcdatamodeld */,
				ACF3D2202743CD1D0003C4C5 /* Data.swift */,
				AC3D12902743C55500B8134D /* Persistence.swift */,
				AC3D12912743C55600B8134D /* Assets.xcassets */,
			);
			path = Shared;
			sourceTree = "<group>";
		};
		AC3D12972743C55600B8134D /* Products */ = {
			isa = PBXGroup;
			children = (
				AC3D12962743C55600B8134D /* TaskTracker.app */,
				AC3D129C2743C55600B8134D /* TaskTracker.app */,
			);
			name = Products;
			sourceTree = "<group>";
		};
		AC3D129D2743C55600B8134D /* macOS */ = {
			isa = PBXGroup;
			children = (
				AC3D129E2743C55600B8134D /* macOS.entitlements */,
			);
			path = macOS;
			sourceTree = "<group>";
		};
		ACA2766827444C75002C54B8 /* Util */ = {
			isa = PBXGroup;
			children = (
				ACF3D2312743D8FA0003C4C5 /* Extensions.swift */,
				ACA2766927444C90002C54B8 /* DateTimeUtil.swift */,
			);
			path = Util;
			sourceTree = "<group>";
		};
		ACF3D2342743EFEA0003C4C5 /* Mainpages */ = {
			isa = PBXGroup;
			children = (
				ACF3D2232743CDB20003C4C5 /* HomeView.swift */,
				ACF3D2262743CDD20003C4C5 /* TaskView.swift */,
				ACF3D2292743CDEC0003C4C5 /* AccountingView.swift */,
			);
			path = Mainpages;
			sourceTree = "<group>";
		};
		ACF3D2352743EFFD0003C4C5 /* Subviews */ = {
			isa = PBXGroup;
			children = (
				ACF3D2362743F0170003C4C5 /* TrackTaskView.swift */,
				ACA27665274446DC002C54B8 /* TaskDetailView.swift */,
			);
			path = Subviews;
			sourceTree = "<group>";
		};
/* End PBXGroup section */

/* Begin PBXNativeTarget section */
		AC3D12952743C55600B8134D /* TaskTracker (iOS) */ = {
			isa = PBXNativeTarget;
			buildConfigurationList = AC3D12AB2743C55600B8134D /* Build configuration list for PBXNativeTarget "TaskTracker (iOS)" */;
			buildPhases = (
				AC3D12922743C55600B8134D /* Sources */,
				AC3D12932743C55600B8134D /* Frameworks */,
				AC3D12942743C55600B8134D /* Resources */,
			);
			buildRules = (
			);
			dependencies = (
			);
			name = "TaskTracker (iOS)";
			productName = "TaskTracker (iOS)";
			productReference = AC3D12962743C55600B8134D /* TaskTracker.app */;
			productType = "com.apple.product-type.application";
		};
		AC3D129B2743C55600B8134D /* TaskTracker (macOS) */ = {
			isa = PBXNativeTarget;
			buildConfigurationList = AC3D12AE2743C55600B8134D /* Build configuration list for PBXNativeTarget "TaskTracker (macOS)" */;
			buildPhases = (
				AC3D12982743C55600B8134D /* Sources */,
				AC3D12992743C55600B8134D /* Frameworks */,
				AC3D129A2743C55600B8134D /* Resources */,
			);
			buildRules = (
			);
			dependencies = (
			);
			name = "TaskTracker (macOS)";
			productName = "TaskTracker (macOS)";
			productReference = AC3D129C2743C55600B8134D /* TaskTracker.app */;
			productType = "com.apple.product-type.application";
		};
/* End PBXNativeTarget section */

/* Begin PBXProject section */
		AC3D12872743C55400B8134D /* Project object */ = {
			isa = PBXProject;
			attributes = {
				BuildIndependentTargetsInParallel = 1;
				LastSwiftUpdateCheck = 1310;
				LastUpgradeCheck = 1310;
				TargetAttributes = {
					AC3D12952743C55600B8134D = {
						CreatedOnToolsVersion = 13.1;
					};
					AC3D129B2743C55600B8134D = {
						CreatedOnToolsVersion = 13.1;
					};
				};
			};
			buildConfigurationList = AC3D128A2743C55400B8134D /* Build configuration list for PBXProject "TaskTracker" */;
			compatibilityVersion = "Xcode 13.0";
			developmentRegion = en;
			hasScannedForEncodings = 0;
			knownRegions = (
				en,
				Base,
			);
			mainGroup = AC3D12862743C55400B8134D;
			productRefGroup = AC3D12972743C55600B8134D /* Products */;
			projectDirPath = "";
			projectRoot = "";
			targets = (
				AC3D12952743C55600B8134D /* TaskTracker (iOS) */,
				AC3D129B2743C55600B8134D /* TaskTracker (macOS) */,
			);
		};
/* End PBXProject section */

/* Begin PBXResourcesBuildPhase section */
		AC3D12942743C55600B8134D /* Resources */ = {
			isa = PBXResourcesBuildPhase;
			buildActionMask = 2147483647;
			files = (
				AC3D12A72743C55600B8134D /* Assets.xcassets in Resources */,
			);
			runOnlyForDeploymentPostprocessing = 0;
		};
		AC3D129A2743C55600B8134D /* Resources */ = {
			isa = PBXResourcesBuildPhase;
			buildActionMask = 2147483647;
			files = (
				AC3D12A82743C55600B8134D /* Assets.xcassets in Resources */,
			);
			runOnlyForDeploymentPostprocessing = 0;
		};
/* End PBXResourcesBuildPhase section */

/* Begin PBXSourcesBuildPhase section */
		AC3D12922743C55600B8134D /* Sources */ = {
			isa = PBXSourcesBuildPhase;
			buildActionMask = 2147483647;
			files = (
				ACA2766A27444C90002C54B8 /* DateTimeUtil.swift in Sources */,
				ACF3D22A2743CDEC0003C4C5 /* AccountingView.swift in Sources */,
				ACF3D2372743F0170003C4C5 /* TrackTaskView.swift in Sources */,
				ACF3D2212743CD1D0003C4C5 /* Data.swift in Sources */,
				ACA27666274446DC002C54B8 /* TaskDetailView.swift in Sources */,
				ACF3D2272743CDD20003C4C5 /* TaskView.swift in Sources */,
				AC3D12A52743C55600B8134D /* Persistence.swift in Sources */,
				ACF3D2242743CDB20003C4C5 /* HomeView.swift in Sources */,
				AC3D12A12743C55600B8134D /* TaskTrackerApp.swift in Sources */,
				AC3D12A32743C55600B8134D /* ContentView.swift in Sources */,
				ACF3D22F2743D3D00003C4C5 /* TaskTracker.xcdatamodeld in Sources */,
				ACF3D2322743D8FA0003C4C5 /* Extensions.swift in Sources */,
			);
			runOnlyForDeploymentPostprocessing = 0;
		};
		AC3D12982743C55600B8134D /* Sources */ = {
			isa = PBXSourcesBuildPhase;
			buildActionMask = 2147483647;
			files = (
				ACA2766B27444C90002C54B8 /* DateTimeUtil.swift in Sources */,
				ACF3D22B2743CDEC0003C4C5 /* AccountingView.swift in Sources */,
				ACF3D2382743F0170003C4C5 /* TrackTaskView.swift in Sources */,
				ACF3D2222743CD1D0003C4C5 /* Data.swift in Sources */,
				ACA27667274446DC002C54B8 /* TaskDetailView.swift in Sources */,
				ACF3D2282743CDD20003C4C5 /* TaskView.swift in Sources */,
				AC3D12A62743C55600B8134D /* Persistence.swift in Sources */,
				ACF3D2252743CDB20003C4C5 /* HomeView.swift in Sources */,
				AC3D12A22743C55600B8134D /* TaskTrackerApp.swift in Sources */,
				AC3D12A42743C55600B8134D /* ContentView.swift in Sources */,
				ACF3D2302743D3D00003C4C5 /* TaskTracker.xcdatamodeld in Sources */,
				ACF3D2332743D8FA0003C4C5 /* Extensions.swift in Sources */,
			);
			runOnlyForDeploymentPostprocessing = 0;
		};
/* End PBXSourcesBuildPhase section */

/* Begin XCBuildConfiguration section */
		AC3D12A92743C55600B8134D /* Debug */ = {
			isa = XCBuildConfiguration;
			buildSettings = {
				ALWAYS_SEARCH_USER_PATHS = NO;
				CLANG_ANALYZER_NONNULL = YES;
				CLANG_ANALYZER_NUMBER_OBJECT_CONVERSION = YES_AGGRESSIVE;
				CLANG_CXX_LANGUAGE_STANDARD = "gnu++17";
				CLANG_CXX_LIBRARY = "libc++";
				CLANG_ENABLE_MODULES = YES;
				CLANG_ENABLE_OBJC_ARC = YES;
				CLANG_ENABLE_OBJC_WEAK = YES;
				CLANG_WARN_BLOCK_CAPTURE_AUTORELEASING = YES;
				CLANG_WARN_BOOL_CONVERSION = YES;
				CLANG_WARN_COMMA = YES;
				CLANG_WARN_CONSTANT_CONVERSION = YES;
				CLANG_WARN_DEPRECATED_OBJC_IMPLEMENTATIONS = YES;
				CLANG_WARN_DIRECT_OBJC_ISA_USAGE = YES_ERROR;
				CLANG_WARN_DOCUMENTATION_COMMENTS = YES;
				CLANG_WARN_EMPTY_BODY = YES;
				CLANG_WARN_ENUM_CONVERSION = YES;
				CLANG_WARN_INFINITE_RECURSION = YES;
				CLANG_WARN_INT_CONVERSION = YES;
				CLANG_WARN_NON_LITERAL_NULL_CONVERSION = YES;
				CLANG_WARN_OBJC_IMPLICIT_RETAIN_SELF = YES;
				CLANG_WARN_OBJC_LITERAL_CONVERSION = YES;
				CLANG_WARN_OBJC_ROOT_CLASS = YES_ERROR;
				CLANG_WARN_QUOTED_INCLUDE_IN_FRAMEWORK_HEADER = YES;
				CLANG_WARN_RANGE_LOOP_ANALYSIS = YES;
				CLANG_WARN_STRICT_PROTOTYPES = YES;
				CLANG_WARN_SUSPICIOUS_MOVE = YES;
				CLANG_WARN_UNGUARDED_AVAILABILITY = YES_AGGRESSIVE;
				CLANG_WARN_UNREACHABLE_CODE = YES;
				CLANG_WARN__DUPLICATE_METHOD_MATCH = YES;
				COPY_PHASE_STRIP = NO;
				DEBUG_INFORMATION_FORMAT = dwarf;
				ENABLE_STRICT_OBJC_MSGSEND = YES;
				ENABLE_TESTABILITY = YES;
				GCC_C_LANGUAGE_STANDARD = gnu11;
				GCC_DYNAMIC_NO_PIC = NO;
				GCC_NO_COMMON_BLOCKS = YES;
				GCC_OPTIMIZATION_LEVEL = 0;
				GCC_PREPROCESSOR_DEFINITIONS = (
					"DEBUG=1",
					"$(inherited)",
				);
				GCC_WARN_64_TO_32_BIT_CONVERSION = YES;
				GCC_WARN_ABOUT_RETURN_TYPE = YES_ERROR;
				GCC_WARN_UNDECLARED_SELECTOR = YES;
				GCC_WARN_UNINITIALIZED_AUTOS = YES_AGGRESSIVE;
				GCC_WARN_UNUSED_FUNCTION = YES;
				GCC_WARN_UNUSED_VARIABLE = YES;
				MTL_ENABLE_DEBUG_INFO = INCLUDE_SOURCE;
				MTL_FAST_MATH = YES;
				ONLY_ACTIVE_ARCH = YES;
				SWIFT_ACTIVE_COMPILATION_CONDITIONS = DEBUG;
				SWIFT_OPTIMIZATION_LEVEL = "-Onone";
			};
			name = Debug;
		};
		AC3D12AA2743C55600B8134D /* Release */ = {
			isa = XCBuildConfiguration;
			buildSettings = {
				ALWAYS_SEARCH_USER_PATHS = NO;
				CLANG_ANALYZER_NONNULL = YES;
				CLANG_ANALYZER_NUMBER_OBJECT_CONVERSION = YES_AGGRESSIVE;
				CLANG_CXX_LANGUAGE_STANDARD = "gnu++17";
				CLANG_CXX_LIBRARY = "libc++";
				CLANG_ENABLE_MODULES = YES;
				CLANG_ENABLE_OBJC_ARC = YES;
				CLANG_ENABLE_OBJC_WEAK = YES;
				CLANG_WARN_BLOCK_CAPTURE_AUTORELEASING = YES;
				CLANG_WARN_BOOL_CONVERSION = YES;
				CLANG_WARN_COMMA = YES;
				CLANG_WARN_CONSTANT_CONVERSION = YES;
				CLANG_WARN_DEPRECATED_OBJC_IMPLEMENTATIONS = YES;
				CLANG_WARN_DIRECT_OBJC_ISA_USAGE = YES_ERROR;
				CLANG_WARN_DOCUMENTATION_COMMENTS = YES;
				CLANG_WARN_EMPTY_BODY = YES;
				CLANG_WARN_ENUM_CONVERSION = YES;
				CLANG_WARN_INFINITE_RECURSION = YES;
				CLANG_WARN_INT_CONVERSION = YES;
				CLANG_WARN_NON_LITERAL_NULL_CONVERSION = YES;
				CLANG_WARN_OBJC_IMPLICIT_RETAIN_SELF = YES;
				CLANG_WARN_OBJC_LITERAL_CONVERSION = YES;
				CLANG_WARN_OBJC_ROOT_CLASS = YES_ERROR;
				CLANG_WARN_QUOTED_INCLUDE_IN_FRAMEWORK_HEADER = YES;
				CLANG_WARN_RANGE_LOOP_ANALYSIS = YES;
				CLANG_WARN_STRICT_PROTOTYPES = YES;
				CLANG_WARN_SUSPICIOUS_MOVE = YES;
				CLANG_WARN_UNGUARDED_AVAILABILITY = YES_AGGRESSIVE;
				CLANG_WARN_UNREACHABLE_CODE = YES;
				CLANG_WARN__DUPLICATE_METHOD_MATCH = YES;
				COPY_PHASE_STRIP = NO;
				DEBUG_INFORMATION_FORMAT = "dwarf-with-dsym";
				ENABLE_NS_ASSERTIONS = NO;
				ENABLE_STRICT_OBJC_MSGSEND = YES;
				GCC_C_LANGUAGE_STANDARD = gnu11;
				GCC_NO_COMMON_BLOCKS = YES;
				GCC_WARN_64_TO_32_BIT_CONVERSION = YES;
				GCC_WARN_ABOUT_RETURN_TYPE = YES_ERROR;
				GCC_WARN_UNDECLARED_SELECTOR = YES;
				GCC_WARN_UNINITIALIZED_AUTOS = YES_AGGRESSIVE;
				GCC_WARN_UNUSED_FUNCTION = YES;
				GCC_WARN_UNUSED_VARIABLE = YES;
				MTL_ENABLE_DEBUG_INFO = NO;
				MTL_FAST_MATH = YES;
				SWIFT_COMPILATION_MODE = wholemodule;
				SWIFT_OPTIMIZATION_LEVEL = "-O";
			};
			name = Release;
		};
		AC3D12AC2743C55600B8134D /* Debug */ = {
			isa = XCBuildConfiguration;
			buildSettings = {
				ASSETCATALOG_COMPILER_APPICON_NAME = AppIcon;
				ASSETCATALOG_COMPILER_GLOBAL_ACCENT_COLOR_NAME = AccentColor;
				CODE_SIGN_STYLE = Automatic;
				CURRENT_PROJECT_VERSION = 1;
				DEVELOPMENT_TEAM = AT3YB3DPVA;
				ENABLE_PREVIEWS = YES;
				GENERATE_INFOPLIST_FILE = YES;
				INFOPLIST_KEY_UIApplicationSceneManifest_Generation = YES;
				INFOPLIST_KEY_UIApplicationSupportsIndirectInputEvents = YES;
				INFOPLIST_KEY_UILaunchScreen_Generation = YES;
				INFOPLIST_KEY_UISupportedInterfaceOrientations_iPad = "UIInterfaceOrientationPortrait UIInterfaceOrientationPortraitUpsideDown UIInterfaceOrientationLandscapeLeft UIInterfaceOrientationLandscapeRight";
				INFOPLIST_KEY_UISupportedInterfaceOrientations_iPhone = "UIInterfaceOrientationPortrait UIInterfaceOrientationLandscapeLeft UIInterfaceOrientationLandscapeRight";
				IPHONEOS_DEPLOYMENT_TARGET = 15.0;
				LD_RUNPATH_SEARCH_PATHS = (
					"$(inherited)",
					"@executable_path/Frameworks",
				);
				MARKETING_VERSION = 1.0;
				PRODUCT_BUNDLE_IDENTIFIER = at.programario.TaskTracker;
				PRODUCT_NAME = TaskTracker;
				SDKROOT = iphoneos;
				SWIFT_EMIT_LOC_STRINGS = YES;
				SWIFT_VERSION = 5.0;
				TARGETED_DEVICE_FAMILY = "1,2";
			};
			name = Debug;
		};
		AC3D12AD2743C55600B8134D /* Release */ = {
			isa = XCBuildConfiguration;
			buildSettings = {
				ASSETCATALOG_COMPILER_APPICON_NAME = AppIcon;
				ASSETCATALOG_COMPILER_GLOBAL_ACCENT_COLOR_NAME = AccentColor;
				CODE_SIGN_STYLE = Automatic;
				CURRENT_PROJECT_VERSION = 1;
				DEVELOPMENT_TEAM = AT3YB3DPVA;
				ENABLE_PREVIEWS = YES;
				GENERATE_INFOPLIST_FILE = YES;
				INFOPLIST_KEY_UIApplicationSceneManifest_Generation = YES;
				INFOPLIST_KEY_UIApplicationSupportsIndirectInputEvents = YES;
				INFOPLIST_KEY_UILaunchScreen_Generation = YES;
				INFOPLIST_KEY_UISupportedInterfaceOrientations_iPad = "UIInterfaceOrientationPortrait UIInterfaceOrientationPortraitUpsideDown UIInterfaceOrientationLandscapeLeft UIInterfaceOrientationLandscapeRight";
				INFOPLIST_KEY_UISupportedInterfaceOrientations_iPhone = "UIInterfaceOrientationPortrait UIInterfaceOrientationLandscapeLeft UIInterfaceOrientationLandscapeRight";
				IPHONEOS_DEPLOYMENT_TARGET = 15.0;
				LD_RUNPATH_SEARCH_PATHS = (
					"$(inherited)",
					"@executable_path/Frameworks",
				);
				MARKETING_VERSION = 1.0;
				PRODUCT_BUNDLE_IDENTIFIER = at.programario.TaskTracker;
				PRODUCT_NAME = TaskTracker;
				SDKROOT = iphoneos;
				SWIFT_EMIT_LOC_STRINGS = YES;
				SWIFT_VERSION = 5.0;
				TARGETED_DEVICE_FAMILY = "1,2";
				VALIDATE_PRODUCT = YES;
			};
			name = Release;
		};
		AC3D12AF2743C55600B8134D /* Debug */ = {
			isa = XCBuildConfiguration;
			buildSettings = {
				ASSETCATALOG_COMPILER_APPICON_NAME = AppIcon;
				ASSETCATALOG_COMPILER_GLOBAL_ACCENT_COLOR_NAME = AccentColor;
				CODE_SIGN_ENTITLEMENTS = macOS/macOS.entitlements;
				CODE_SIGN_STYLE = Automatic;
				COMBINE_HIDPI_IMAGES = YES;
				CURRENT_PROJECT_VERSION = 1;
				DEVELOPMENT_TEAM = AT3YB3DPVA;
				ENABLE_HARDENED_RUNTIME = YES;
				ENABLE_PREVIEWS = YES;
				GENERATE_INFOPLIST_FILE = YES;
				INFOPLIST_KEY_NSHumanReadableCopyright = "";
				LD_RUNPATH_SEARCH_PATHS = (
					"$(inherited)",
					"@executable_path/../Frameworks",
				);
				MACOSX_DEPLOYMENT_TARGET = 12.0;
				MARKETING_VERSION = 1.0;
				PRODUCT_BUNDLE_IDENTIFIER = at.programario.TaskTracker;
				PRODUCT_NAME = TaskTracker;
				SDKROOT = macosx;
				SWIFT_EMIT_LOC_STRINGS = YES;
				SWIFT_VERSION = 5.0;
			};
			name = Debug;
		};
		AC3D12B02743C55600B8134D /* Release */ = {
			isa = XCBuildConfiguration;
			buildSettings = {
				ASSETCATALOG_COMPILER_APPICON_NAME = AppIcon;
				ASSETCATALOG_COMPILER_GLOBAL_ACCENT_COLOR_NAME = AccentColor;
				CODE_SIGN_ENTITLEMENTS = macOS/macOS.entitlements;
				CODE_SIGN_STYLE = Automatic;
				COMBINE_HIDPI_IMAGES = YES;
				CURRENT_PROJECT_VERSION = 1;
				DEVELOPMENT_TEAM = AT3YB3DPVA;
				ENABLE_HARDENED_RUNTIME = YES;
				ENABLE_PREVIEWS = YES;
				GENERATE_INFOPLIST_FILE = YES;
				INFOPLIST_KEY_NSHumanReadableCopyright = "";
				LD_RUNPATH_SEARCH_PATHS = (
					"$(inherited)",
					"@executable_path/../Frameworks",
				);
				MACOSX_DEPLOYMENT_TARGET = 12.0;
				MARKETING_VERSION = 1.0;
				PRODUCT_BUNDLE_IDENTIFIER = at.programario.TaskTracker;
				PRODUCT_NAME = TaskTracker;
				SDKROOT = macosx;
				SWIFT_EMIT_LOC_STRINGS = YES;
				SWIFT_VERSION = 5.0;
			};
			name = Release;
		};
/* End XCBuildConfiguration section */

/* Begin XCConfigurationList section */
		AC3D128A2743C55400B8134D /* Build configuration list for PBXProject "TaskTracker" */ = {
			isa = XCConfigurationList;
			buildConfigurations = (
				AC3D12A92743C55600B8134D /* Debug */,
				AC3D12AA2743C55600B8134D /* Release */,
			);
			defaultConfigurationIsVisible = 0;
			defaultConfigurationName = Release;
		};
		AC3D12AB2743C55600B8134D /* Build configuration list for PBXNativeTarget "TaskTracker (iOS)" */ = {
			isa = XCConfigurationList;
			buildConfigurations = (
				AC3D12AC2743C55600B8134D /* Debug */,
				AC3D12AD2743C55600B8134D /* Release */,
			);
			defaultConfigurationIsVisible = 0;
			defaultConfigurationName = Release;
		};
		AC3D12AE2743C55600B8134D /* Build configuration list for PBXNativeTarget "TaskTracker (macOS)" */ = {
			isa = XCConfigurationList;
			buildConfigurations = (
				AC3D12AF2743C55600B8134D /* Debug */,
				AC3D12B02743C55600B8134D /* Release */,
			);
			defaultConfigurationIsVisible = 0;
			defaultConfigurationName = Release;
		};
/* End XCConfigurationList section */

/* Begin XCVersionGroup section */
		ACF3D22C2743D3CF0003C4C5 /* TaskTracker.xcdatamodeld */ = {
			isa = XCVersionGroup;
			children = (
				ACF3D22D2743D3CF0003C4C5 /* TaskTracker.xcdatamodel */,
				ACF3D22E2743D3CF0003C4C5 /* Shared.xcdatamodel */,
			);
			currentVersion = ACF3D22D2743D3CF0003C4C5 /* TaskTracker.xcdatamodel */;
			path = TaskTracker.xcdatamodeld;
			sourceTree = "<group>";
			versionGroupType = wrapper.xcdatamodel;
		};
/* End XCVersionGroup section */
	};
	rootObject = AC3D12872743C55400B8134D /* Project object */;
}
